
Microsoft Visual Studio Solution File, Format Version 12.00
# Visual Studio Version 17
VisualStudioVersion = 17.14.36623.8 d17.14
MinimumVisualStudioVersion = 10.0.40219.1
Project("{54A90642-561A-4BB1-A94E-469ADEE60C69}") = "AI-Testing-API", "AI-Testing-API\AI-Testing-API.esproj", "{9D403C8A-19AF-6F7C-6E40-AF80B4868451}"
EndProject
Global
	GlobalSection(SolutionConfigurationPlatforms) = preSolution
		Debug|Any CPU = Debug|Any CPU
		Release|Any CPU = Release|Any CPU
	EndGlobalSection
	GlobalSection(ProjectConfigurationPlatforms) = postSolution
		{9D403C8A-19AF-6F7C-6E40-AF80B4868451}.Debug|Any CPU.ActiveCfg = Debug|Any CPU
		{9D403C8A-19AF-6F7C-6E40-AF80B4868451}.Debug|Any CPU.Build.0 = Debug|Any CPU
		{9D403C8A-19AF-6F7C-6E40-AF80B4868451}.Debug|Any CPU.Deploy.0 = Debug|Any CPU
		{9D403C8A-19AF-6F7C-6E40-AF80B4868451}.Release|Any CPU.ActiveCfg = Release|Any CPU
		{9D403C8A-19AF-6F7C-6E40-AF80B4868451}.Release|Any CPU.Build.0 = Release|Any CPU
		{9D403C8A-19AF-6F7C-6E40-AF80B4868451}.Release|Any CPU.Deploy.0 = Release|Any CPU
	EndGlobalSection
	GlobalSection(SolutionProperties) = preSolution
		HideSolutionNode = FALSE
	EndGlobalSection
	GlobalSection(ExtensibilityGlobals) = postSolution
		SolutionGuid = {D4290BC8-FE7C-4946-B679-7CA161D5FA65}
	EndGlobalSection
EndGlobal
